
Microsoft Visual Studio Solution File, Format Version 12.00
# Visual Studio Version 16
VisualStudioVersion = 16.0.30128.74
MinimumVisualStudioVersion = 10.0.40219.1
Project("{FAE04EC0-301F-11D3-BF4B-00C04F79EFBC}") = "MCTransparencia", "MCTransparencia.csproj", "{837D53EB-F7F6-48F5-B872-AFD95EB07B4A}"
EndProject
Global
	GlobalSection(SolutionConfigurationPlatforms) = preSolution
		Debug|Any CPU = Debug|Any CPU
		Release|Any CPU = Release|Any CPU
	EndGlobalSection
	GlobalSection(ProjectConfigurationPlatforms) = postSolution
		{837D53EB-F7F6-48F5-B872-AFD95EB07B4A}.Debug|Any CPU.ActiveCfg = Debug|Any CPU
		{837D53EB-F7F6-48F5-B872-AFD95EB07B4A}.Debug|Any CPU.Build.0 = Debug|Any CPU
		{837D53EB-F7F6-48F5-B872-AFD95EB07B4A}.Release|Any CPU.ActiveCfg = Release|Any CPU
		{837D53EB-F7F6-48F5-B872-AFD95EB07B4A}.Release|Any CPU.Build.0 = Release|Any CPU
	EndGlobalSection
	GlobalSection(SolutionProperties) = preSolution
		HideSolutionNode = FALSE
	EndGlobalSection
	GlobalSection(ExtensibilityGlobals) = postSolution
		SolutionGuid = {78064D10-980A-4439-9722-07F71244A16C}
	EndGlobalSection
EndGlobal
